
Microsoft Visual Studio Solution File, Format Version 12.00
# Visual Studio Version 17
VisualStudioVersion = 17.4.33122.133
MinimumVisualStudioVersion = 10.0.40219.1
Project("{9A19103F-16F7-4668-BE54-9A1E7A4F7556}") = "BirthdayGreetingKataService", "BirthdayGreetingKataService\BirthdayGreetingKataService.csproj", "{9CA22567-0F6B-43D3-B766-EC641EACF5DB}"
EndProject
Project("{FAE04EC0-301F-11D3-BF4B-00C04F79EFBC}") = "BirthdayGreetingKataService.Tests", "BirthdayGreetingKataService.Tests\BirthdayGreetingKataService.Tests.csproj", "{4E7F43E2-3792-45F0-A068-296FDA2DC58A}"
EndProject
Global
	GlobalSection(SolutionConfigurationPlatforms) = preSolution
		Debug|Any CPU = Debug|Any CPU
		Release|Any CPU = Release|Any CPU
	EndGlobalSection
	GlobalSection(ProjectConfigurationPlatforms) = postSolution
		{9CA22567-0F6B-43D3-B766-EC641EACF5DB}.Debug|Any CPU.ActiveCfg = Debug|Any CPU
		{9CA22567-0F6B-43D3-B766-EC641EACF5DB}.Debug|Any CPU.Build.0 = Debug|Any CPU
		{9CA22567-0F6B-43D3-B766-EC641EACF5DB}.Release|Any CPU.ActiveCfg = Release|Any CPU
		{9CA22567-0F6B-43D3-B766-EC641EACF5DB}.Release|Any CPU.Build.0 = Release|Any CPU
		{4E7F43E2-3792-45F0-A068-296FDA2DC58A}.Debug|Any CPU.ActiveCfg = Debug|Any CPU
		{4E7F43E2-3792-45F0-A068-296FDA2DC58A}.Debug|Any CPU.Build.0 = Debug|Any CPU
		{4E7F43E2-3792-45F0-A068-296FDA2DC58A}.Release|Any CPU.ActiveCfg = Release|Any CPU
		{4E7F43E2-3792-45F0-A068-296FDA2DC58A}.Release|Any CPU.Build.0 = Release|Any CPU
	EndGlobalSection
	GlobalSection(SolutionProperties) = preSolution
		HideSolutionNode = FALSE
	EndGlobalSection
	GlobalSection(ExtensibilityGlobals) = postSolution
		SolutionGuid = {79ED0BDD-3748-4B7C-933C-C133EF3EB813}
	EndGlobalSection
EndGlobal
